
Microsoft Visual Studio Solution File, Format Version 12.00
# Visual Studio Version 17
VisualStudioVersion = 17.2.32526.322
MinimumVisualStudioVersion = 10.0.40219.1
Project("{8BC9CEB8-8B4A-11D0-8D11-00A0C91BC942}") = "BOJ_2744", "BOJ_2744.vcxproj", "{7E39C7A4-2367-41D0-90D8-C68BD3B1B9A3}"
EndProject
Global
	GlobalSection(SolutionConfigurationPlatforms) = preSolution
		Debug|x64 = Debug|x64
		Release|x64 = Release|x64
	EndGlobalSection
	GlobalSection(ProjectConfigurationPlatforms) = postSolution
		{7E39C7A4-2367-41D0-90D8-C68BD3B1B9A3}.Debug|x64.ActiveCfg = Debug|x64
		{7E39C7A4-2367-41D0-90D8-C68BD3B1B9A3}.Debug|x64.Build.0 = Debug|x64
		{7E39C7A4-2367-41D0-90D8-C68BD3B1B9A3}.Release|x64.ActiveCfg = Release|x64
		{7E39C7A4-2367-41D0-90D8-C68BD3B1B9A3}.Release|x64.Build.0 = Release|x64
	EndGlobalSection
	GlobalSection(SolutionProperties) = preSolution
		HideSolutionNode = FALSE
	EndGlobalSection
	GlobalSection(ExtensibilityGlobals) = postSolution
		SolutionGuid = {F42EDA6B-C210-40D4-AC80-AAF73C5E4905}
	EndGlobalSection
EndGlobal
